{
  "requires": true,
  "lockfileVersion": 1,
  "dependencies": {
    "angular-input-masks": {
      "version": "4.1.0",
      "resolved": "https://registry.npmjs.org/angular-input-masks/-/angular-input-masks-4.1.0.tgz",
      "integrity": "sha512-rqoON4clLNFk1VfIefgJ3xSfRuR/WapmWMORfkFvtd9N+q5+SkiLGfb2cA5G4IMHKiG2IAYabW+RvyzxY9Ns6Q==",
      "requires": {
        "br-validations": "0.3.1",
        "date-fns": "2.0.0-alpha.7",
        "moment": "2.20.1",
        "string-mask": "0.3.0"
      }
    },
    "br-validations": {
      "version": "0.3.1",
      "resolved": "https://registry.npmjs.org/br-validations/-/br-validations-0.3.1.tgz",
      "integrity": "sha1-TkWk4HStruorfgiLwON63pt2Nk0="
    },
    "date-fns": {
      "version": "2.0.0-alpha.7",
      "resolved": "https://registry.npmjs.org/date-fns/-/date-fns-2.0.0-alpha.7.tgz",
      "integrity": "sha1-JFrRb5V2Tqur+ywKQf1dAzwg5Xo="
    },
    "moment": {
      "version": "2.20.1",
      "resolved": "https://registry.npmjs.org/moment/-/moment-2.20.1.tgz",
      "integrity": "sha512-Yh9y73JRljxW5QxN08Fner68eFLxM5ynNOAw2LbIB1YAGeQzZT8QFSUvkAz609Zf+IHhhaUxqZK8dG3W/+HEvg=="
    },
    "string-mask": {
      "version": "0.3.0",
      "resolved": "https://registry.npmjs.org/string-mask/-/string-mask-0.3.0.tgz",
      "integrity": "sha1-nnJEuHuy9vlkfirJj5b6GlfCEZg="
    }
  }
}
